{
  "version": 4,
  "terraform_version": "1.14.4",
  "serial": 36,
  "lineage": "3169d635-4ebe-48ea-0d9b-1566849b6d0d",
  "outputs": {},
  "resources": [
    {
      "mode": "managed",
      "type": "local_file",
      "name": "tf_count",
      "provider": "provider[\"registry.terraform.io/hashicorp/local\"]",
      "instances": [
        {
          "index_key": 0,
          "schema_version": 0,
          "attributes": {
            "content": "This is a simple example of a local file resource. 0",
            "content_base64": null,
            "content_base64sha256": "oC0CftRUZqh/mqO5ZGqa67Zyhu/usTU3/6ysSzfbjpE=",
            "content_base64sha512": "LK4/KFZBZrPP780DUsMnTXjPxfJJJBlv5O2DFNJyPEINKrHG+KkZOCjqv4qz/QKKjzgJ5Jev5HA7Xg0Nky0GZA==",
            "content_md5": "5e7b9a88f83b6af23e3b56700324531e",
            "content_sha1": "c471b32f1f662566f3f8adf1f9fedc4c6f58a64a",
            "content_sha256": "a02d027ed45466a87f9aa3b9646a9aebb67286efeeb13537ffacac4b37db8e91",
            "content_sha512": "2cae3f28564166b3cfefcd0352c3274d78cfc5f24924196fe4ed8314d2723c420d2ab1c6f8a9193828eabf8ab3fd028a8f3809e497afe4703b5e0d0d932d0664",
            "directory_permission": "0777",
            "file_permission": "0777",
            "filename": "./count-0.txt",
            "id": "c471b32f1f662566f3f8adf1f9fedc4c6f58a64a",
            "sensitive_content": null,
            "source": null
          },
          "sensitive_attributes": [
            [
              {
                "type": "get_attr",
                "value": "sensitive_content"
              }
            ]
          ],
          "identity_schema_version": 0
        },
        {
          "index_key": 1,
          "schema_version": 0,
          "attributes": {
            "content": "This is a simple example of a local file resource. 1",
            "content_base64": null,
            "content_base64sha256": "0A0iotP+ZOOVwppv5pSWiFf6Hc7oMlj6lKlb1WqXRPI=",
            "content_base64sha512": "2Lq3Aj4lDJRd7iiSHBn/L2sqfZdaiUcQtLSOHVZxyXoOWWFYUDk2uev3tzmRF5edDJOheyQDYcID/48+tZ/fBQ==",
            "content_md5": "79f0ce11d688e6479fbab0e16d0d4f89",
            "content_sha1": "4801304d08d2315cfec5d6c7c509cbb6d0ff0348",
            "content_sha256": "d00d22a2d3fe64e395c29a6fe694968857fa1dcee83258fa94a95bd56a9744f2",
            "content_sha512": "d8bab7023e250c945dee28921c19ff2f6b2a7d975a894710b4b48e1d5671c97a0e596158503936b9ebf7b7399117979d0c93a17b240361c203ff8f3eb59fdf05",
            "directory_permission": "0777",
            "file_permission": "0777",
            "filename": "./count-1.txt",
            "id": "4801304d08d2315cfec5d6c7c509cbb6d0ff0348",
            "sensitive_content": null,
            "source": null
          },
          "sensitive_attributes": [
            [
              {
                "type": "get_attr",
                "value": "sensitive_content"
              }
            ]
          ],
          "identity_schema_version": 0
        },
        {
          "index_key": 2,
          "schema_version": 0,
          "attributes": {
            "content": "This is a simple example of a local file resource. 2",
            "content_base64": null,
            "content_base64sha256": "E1ir5eqHiV0DywxS/2jDac/QOIa8DZCOn3MZ+n1WJQM=",
            "content_base64sha512": "jk2wZYw7BgzjdHi/thrQARp8+iRzyaH8P+6VUcN5+j2OSCJz2C1wQ5nOrcHY+xRsWHUmroORTqipcggBdM3Jjg==",
            "content_md5": "62619b0bd79be2ce5230ba4b74a8b92d",
            "content_sha1": "c94eb13354689f7ddc80262c658e69fa214760f6",
            "content_sha256": "1358abe5ea87895d03cb0c52ff68c369cfd03886bc0d908e9f7319fa7d562503",
            "content_sha512": "8e4db0658c3b060ce37478bfb61ad0011a7cfa2473c9a1fc3fee9551c379fa3d8e482273d82d704399ceadc1d8fb146c587526ae83914ea8a972080174cdc98e",
            "directory_permission": "0777",
            "file_permission": "0777",
            "filename": "./count-2.txt",
            "id": "c94eb13354689f7ddc80262c658e69fa214760f6",
            "sensitive_content": null,
            "source": null
          },
          "sensitive_attributes": [
            [
              {
                "type": "get_attr",
                "value": "sensitive_content"
              }
            ]
          ],
          "identity_schema_version": 0
        }
      ]
    },
    {
      "mode": "managed",
      "type": "local_file",
      "name": "tf_example1",
      "provider": "provider[\"registry.terraform.io/hashicorp/local\"]",
      "instances": [
        {
          "schema_version": 0,
          "attributes": {
            "content": "Updated example1.txt",
            "content_base64": null,
            "content_base64sha256": "Mt8b/DgBTb2ELyjVl7pZHC8U/lkFtTlcc6e6UDqwHus=",
            "content_base64sha512": "VDJWeu0IoIn6qVoQcClbnkeu/G4PUxqVYfMT5yK5Hu3/1xLerIEbaAp2yvNOLDQf5oFTO4mHSEwYPTbNb9sivA==",
            "content_md5": "38ddb3766606925d0a6cd2abd9046cc4",
            "content_sha1": "4680490394f7b2f342ff3f5fdbdd25ec1d0faa11",
            "content_sha256": "32df1bfc38014dbd842f28d597ba591c2f14fe5905b5395c73a7ba503ab01eeb",
            "content_sha512": "5432567aed08a089faa95a1070295b9e47aefc6e0f531a9561f313e722b91eedffd712deac811b680a76caf34e2c341fe681533b8987484c183d36cd6fdb22bc",
            "directory_permission": "0777",
            "file_permission": "0777",
            "filename": "C:/Users/jingc/Desktop/repo/learning-terraform/01_basics/example1.txt",
            "id": "4680490394f7b2f342ff3f5fdbdd25ec1d0faa11",
            "sensitive_content": null,
            "source": null
          },
          "sensitive_attributes": [
            [
              {
                "type": "get_attr",
                "value": "sensitive_content"
              }
            ]
          ],
          "identity_schema_version": 0
        }
      ]
    },
    {
      "mode": "managed",
      "type": "local_sensitive_file",
      "name": "tf_example2",
      "provider": "provider[\"registry.terraform.io/hashicorp/local\"]",
      "instances": [
        {
          "schema_version": 0,
          "attributes": {
            "content": "This is a sensitive example of a local file resource.",
            "content_base64": null,
            "content_base64sha256": "TzeS1fSkRwnntXWuufORoYZDz9ncwBQ3OWxKF6UxEjc=",
            "content_base64sha512": "w8uzufstDUcLkzMnSDOuqG70nvEvUv/VxaYr/HhAsqeb6J+dq3ty0rjLVXLEm+Ekp+nEuikEYDoXB7mPAZNfxg==",
            "content_md5": "75673c163566072abcb52bb3ba7df86d",
            "content_sha1": "aabd5858e61817e851457720f11b9c776a140385",
            "content_sha256": "4f3792d5f4a44709e7b575aeb9f391a18643cfd9dcc01437396c4a17a5311237",
            "content_sha512": "c3cbb3b9fb2d0d470b9333274833aea86ef49ef12f52ffd5c5a62bfc7840b2a79be89f9dab7b72d2b8cb5572c49be124a7e9c4ba2904603a1707b98f01935fc6",
            "directory_permission": "0700",
            "file_permission": "0700",
            "filename": "./sensitive.txt",
            "id": "aabd5858e61817e851457720f11b9c776a140385",
            "source": null
          },
          "sensitive_attributes": [
            [
              {
                "type": "get_attr",
                "value": "content"
              }
            ],
            [
              {
                "type": "get_attr",
                "value": "content_base64"
              }
            ]
          ],
          "identity_schema_version": 0
        }
      ]
    }
  ],
  "check_results": null
}
